{
  "name": "qtappdebugger",
  "version": "0.0.1",
  "lockfileVersion": 1,
  "requires": true,
  "dependencies": {
    "spectorjs": {
      "version": "0.9.10",
      "resolved": "https://registry.npmjs.org/spectorjs/-/spectorjs-0.9.10.tgz",
      "integrity": "sha512-BUAWoz5DkroWlvnQz3a0sn/s9LDW8sVFU5gc6f41vod740otCnWHk1DQT/xHJMDbV0f14tgf2ZXWRqvucFG06g=="
    }
  }
}
